// !$*UTF8*$!
{
	archiveVersion = 1;
	classes = {
	};
	objectVersion = 50;
	objects = {

/* Begin PBXBuildFile section */
		CCF36F152585FFD30069311A /* BottleProbeApp.swift in Sources */ = {isa = PBXBuildFile; fileRef = CCF36F142585FFD30069311A /* BottleProbeApp.swift */; };
		CCF36F172585FFD30069311A /* ContentView.swift in Sources */ = {isa = PBXBuildFile; fileRef = CCF36F162585FFD30069311A /* ContentView.swift */; };
		CCF36F192585FFD40069311A /* Assets.xcassets in Resources */ = {isa = PBXBuildFile; fileRef = CCF36F182585FFD40069311A /* Assets.xcassets */; };
		CCF36F1C2585FFD40069311A /* Preview Assets.xcassets in Resources */ = {isa = PBXBuildFile; fileRef = CCF36F1B2585FFD40069311A /* Preview Assets.xcassets */; };
		CCF36F272585FFD40069311A /* BottleProbeTests.swift in Sources */ = {isa = PBXBuildFile; fileRef = CCF36F262585FFD40069311A /* BottleProbeTests.swift */; };
		CCF36F322585FFD40069311A /* BottleProbeUITests.swift in Sources */ = {isa = PBXBuildFile; fileRef = CCF36F312585FFD40069311A /* BottleProbeUITests.swift */; };
		CCF36F43258600330069311A /* Arda.swift in Sources */ = {isa = PBXBuildFile; fileRef = CCF36F42258600330069311A /* Arda.swift */; };
		CCF36F48258611240069311A /* bottle.png in Resources */ = {isa = PBXBuildFile; fileRef = CCF36F47258611240069311A /* bottle.png */; };
		CCF36F622587932B0069311A /* ArdaScene.swift in Sources */ = {isa = PBXBuildFile; fileRef = CCF36F612587932B0069311A /* ArdaScene.swift */; };
		CCF36F6C2587949A0069311A /* LogoView.swift in Sources */ = {isa = PBXBuildFile; fileRef = CCF36F6B2587949A0069311A /* LogoView.swift */; };
/* End PBXBuildFile section */

/* Begin PBXContainerItemProxy section */
		CCF36F232585FFD40069311A /* PBXContainerItemProxy */ = {
			isa = PBXContainerItemProxy;
			containerPortal = CCF36F092585FFD30069311A /* Project object */;
			proxyType = 1;
			remoteGlobalIDString = CCF36F102585FFD30069311A;
			remoteInfo = BottleProbe;
		};
		CCF36F2E2585FFD40069311A /* PBXContainerItemProxy */ = {
			isa = PBXContainerItemProxy;
			containerPortal = CCF36F092585FFD30069311A /* Project object */;
			proxyType = 1;
			remoteGlobalIDString = CCF36F102585FFD30069311A;
			remoteInfo = BottleProbe;
		};
/* End PBXContainerItemProxy section */

/* Begin PBXFileReference section */
		CCF36F112585FFD30069311A /* BottleProbe.app */ = {isa = PBXFileReference; explicitFileType = wrapper.application; includeInIndex = 0; path = BottleProbe.app; sourceTree = BUILT_PRODUCTS_DIR; };
		CCF36F142585FFD30069311A /* BottleProbeApp.swift */ = {isa = PBXFileReference; lastKnownFileType = sourcecode.swift; path = BottleProbeApp.swift; sourceTree = "<group>"; };
		CCF36F162585FFD30069311A /* ContentView.swift */ = {isa = PBXFileReference; lastKnownFileType = sourcecode.swift; path = ContentView.swift; sourceTree = "<group>"; };
		CCF36F182585FFD40069311A /* Assets.xcassets */ = {isa = PBXFileReference; lastKnownFileType = folder.assetcatalog; path = Assets.xcassets; sourceTree = "<group>"; };
		CCF36F1B2585FFD40069311A /* Preview Assets.xcassets */ = {isa = PBXFileReference; lastKnownFileType = folder.assetcatalog; path = "Preview Assets.xcassets"; sourceTree = "<group>"; };
		CCF36F1D2585FFD40069311A /* Info.plist */ = {isa = PBXFileReference; lastKnownFileType = text.plist.xml; path = Info.plist; sourceTree = "<group>"; };
		CCF36F222585FFD40069311A /* BottleProbeTests.xctest */ = {isa = PBXFileReference; explicitFileType = wrapper.cfbundle; includeInIndex = 0; path = BottleProbeTests.xctest; sourceTree = BUILT_PRODUCTS_DIR; };
		CCF36F262585FFD40069311A /* BottleProbeTests.swift */ = {isa = PBXFileReference; lastKnownFileType = sourcecode.swift; path = BottleProbeTests.swift; sourceTree = "<group>"; };
		CCF36F282585FFD40069311A /* Info.plist */ = {isa = PBXFileReference; lastKnownFileType = text.plist.xml; path = Info.plist; sourceTree = "<group>"; };
		CCF36F2D2585FFD40069311A /* BottleProbeUITests.xctest */ = {isa = PBXFileReference; explicitFileType = wrapper.cfbundle; includeInIndex = 0; path = BottleProbeUITests.xctest; sourceTree = BUILT_PRODUCTS_DIR; };
		CCF36F312585FFD40069311A /* BottleProbeUITests.swift */ = {isa = PBXFileReference; lastKnownFileType = sourcecode.swift; path = BottleProbeUITests.swift; sourceTree = "<group>"; };
		CCF36F332585FFD40069311A /* Info.plist */ = {isa = PBXFileReference; lastKnownFileType = text.plist.xml; path = Info.plist; sourceTree = "<group>"; };
		CCF36F42258600330069311A /* Arda.swift */ = {isa = PBXFileReference; lastKnownFileType = sourcecode.swift; path = Arda.swift; sourceTree = "<group>"; };
		CCF36F47258611240069311A /* bottle.png */ = {isa = PBXFileReference; lastKnownFileType = image.png; path = bottle.png; sourceTree = "<group>"; };
		CCF36F612587932B0069311A /* ArdaScene.swift */ = {isa = PBXFileReference; lastKnownFileType = sourcecode.swift; path = ArdaScene.swift; sourceTree = "<group>"; };
		CCF36F6B2587949A0069311A /* LogoView.swift */ = {isa = PBXFileReference; lastKnownFileType = sourcecode.swift; path = LogoView.swift; sourceTree = "<group>"; };
/* End PBXFileReference section */

/* Begin PBXFrameworksBuildPhase section */
		CCF36F0E2585FFD30069311A /* Frameworks */ = {
			isa = PBXFrameworksBuildPhase;
			buildActionMask = 2147483647;
			files = (
			);
			runOnlyForDeploymentPostprocessing = 0;
		};
		CCF36F1F2585FFD40069311A /* Frameworks */ = {
			isa = PBXFrameworksBuildPhase;
			buildActionMask = 2147483647;
			files = (
			);
			runOnlyForDeploymentPostprocessing = 0;
		};
		CCF36F2A2585FFD40069311A /* Frameworks */ = {
			isa = PBXFrameworksBuildPhase;
			buildActionMask = 2147483647;
			files = (
			);
			runOnlyForDeploymentPostprocessing = 0;
		};
/* End PBXFrameworksBuildPhase section */

/* Begin PBXGroup section */
		CCF36F082585FFD30069311A = {
			isa = PBXGroup;
			children = (
				CCF36F132585FFD30069311A /* BottleProbe */,
				CCF36F252585FFD40069311A /* BottleProbeTests */,
				CCF36F302585FFD40069311A /* BottleProbeUITests */,
				CCF36F122585FFD30069311A /* Products */,
			);
			sourceTree = "<group>";
		};
		CCF36F122585FFD30069311A /* Products */ = {
			isa = PBXGroup;
			children = (
				CCF36F112585FFD30069311A /* BottleProbe.app */,
				CCF36F222585FFD40069311A /* BottleProbeTests.xctest */,
				CCF36F2D2585FFD40069311A /* BottleProbeUITests.xctest */,
			);
			name = Products;
			sourceTree = "<group>";
		};
		CCF36F132585FFD30069311A /* BottleProbe */ = {
			isa = PBXGroup;
			children = (
				CCF36F142585FFD30069311A /* BottleProbeApp.swift */,
				CCF36F162585FFD30069311A /* ContentView.swift */,
				CCF36F6A2587946F0069311A /* Logo */,
				CCF36F66258793D70069311A /* Bottle */,
				CCF36F182585FFD40069311A /* Assets.xcassets */,
				CCF36F1D2585FFD40069311A /* Info.plist */,
				CCF36F1A2585FFD40069311A /* Preview Content */,
			);
			path = BottleProbe;
			sourceTree = "<group>";
		};
		CCF36F1A2585FFD40069311A /* Preview Content */ = {
			isa = PBXGroup;
			children = (
				CCF36F1B2585FFD40069311A /* Preview Assets.xcassets */,
			);
			path = "Preview Content";
			sourceTree = "<group>";
		};
		CCF36F252585FFD40069311A /* BottleProbeTests */ = {
			isa = PBXGroup;
			children = (
				CCF36F262585FFD40069311A /* BottleProbeTests.swift */,
				CCF36F282585FFD40069311A /* Info.plist */,
			);
			path = BottleProbeTests;
			sourceTree = "<group>";
		};
		CCF36F302585FFD40069311A /* BottleProbeUITests */ = {
			isa = PBXGroup;
			children = (
				CCF36F312585FFD40069311A /* BottleProbeUITests.swift */,
				CCF36F332585FFD40069311A /* Info.plist */,
			);
			path = BottleProbeUITests;
			sourceTree = "<group>";
		};
		CCF36F66258793D70069311A /* Bottle */ = {
			isa = PBXGroup;
			children = (
				CCF36F42258600330069311A /* Arda.swift */,
				CCF36F612587932B0069311A /* ArdaScene.swift */,
				CCF36F47258611240069311A /* bottle.png */,
			);
			path = Bottle;
			sourceTree = "<group>";
		};
		CCF36F6A2587946F0069311A /* Logo */ = {
			isa = PBXGroup;
			children = (
				CCF36F6B2587949A0069311A /* LogoView.swift */,
			);
			path = Logo;
			sourceTree = "<group>";
		};
/* End PBXGroup section */

/* Begin PBXNativeTarget section */
		CCF36F102585FFD30069311A /* BottleProbe */ = {
			isa = PBXNativeTarget;
			buildConfigurationList = CCF36F362585FFD40069311A /* Build configuration list for PBXNativeTarget "BottleProbe" */;
			buildPhases = (
				CCF36F0D2585FFD30069311A /* Sources */,
				CCF36F0E2585FFD30069311A /* Frameworks */,
				CCF36F0F2585FFD30069311A /* Resources */,
			);
			buildRules = (
			);
			dependencies = (
			);
			name = BottleProbe;
			productName = BottleProbe;
			productReference = CCF36F112585FFD30069311A /* BottleProbe.app */;
			productType = "com.apple.product-type.application";
		};
		CCF36F212585FFD40069311A /* BottleProbeTests */ = {
			isa = PBXNativeTarget;
			buildConfigurationList = CCF36F392585FFD40069311A /* Build configuration list for PBXNativeTarget "BottleProbeTests" */;
			buildPhases = (
				CCF36F1E2585FFD40069311A /* Sources */,
				CCF36F1F2585FFD40069311A /* Frameworks */,
				CCF36F202585FFD40069311A /* Resources */,
			);
			buildRules = (
			);
			dependencies = (
				CCF36F242585FFD40069311A /* PBXTargetDependency */,
			);
			name = BottleProbeTests;
			productName = BottleProbeTests;
			productReference = CCF36F222585FFD40069311A /* BottleProbeTests.xctest */;
			productType = "com.apple.product-type.bundle.unit-test";
		};
		CCF36F2C2585FFD40069311A /* BottleProbeUITests */ = {
			isa = PBXNativeTarget;
			buildConfigurationList = CCF36F3C2585FFD40069311A /* Build configuration list for PBXNativeTarget "BottleProbeUITests" */;
			buildPhases = (
				CCF36F292585FFD40069311A /* Sources */,
				CCF36F2A2585FFD40069311A /* Frameworks */,
				CCF36F2B2585FFD40069311A /* Resources */,
			);
			buildRules = (
			);
			dependencies = (
				CCF36F2F2585FFD40069311A /* PBXTargetDependency */,
			);
			name = BottleProbeUITests;
			productName = BottleProbeUITests;
			productReference = CCF36F2D2585FFD40069311A /* BottleProbeUITests.xctest */;
			productType = "com.apple.product-type.bundle.ui-testing";
		};
/* End PBXNativeTarget section */

/* Begin PBXProject section */
		CCF36F092585FFD30069311A /* Project object */ = {
			isa = PBXProject;
			attributes = {
				LastSwiftUpdateCheck = 1220;
				LastUpgradeCheck = 1220;
				TargetAttributes = {
					CCF36F102585FFD30069311A = {
						CreatedOnToolsVersion = 12.2;
					};
					CCF36F212585FFD40069311A = {
						CreatedOnToolsVersion = 12.2;
						TestTargetID = CCF36F102585FFD30069311A;
					};
					CCF36F2C2585FFD40069311A = {
						CreatedOnToolsVersion = 12.2;
						TestTargetID = CCF36F102585FFD30069311A;
					};
				};
			};
			buildConfigurationList = CCF36F0C2585FFD30069311A /* Build configuration list for PBXProject "BottleProbe" */;
			compatibilityVersion = "Xcode 9.3";
			developmentRegion = en;
			hasScannedForEncodings = 0;
			knownRegions = (
				en,
				Base,
			);
			mainGroup = CCF36F082585FFD30069311A;
			productRefGroup = CCF36F122585FFD30069311A /* Products */;
			projectDirPath = "";
			projectRoot = "";
			targets = (
				CCF36F102585FFD30069311A /* BottleProbe */,
				CCF36F212585FFD40069311A /* BottleProbeTests */,
				CCF36F2C2585FFD40069311A /* BottleProbeUITests */,
			);
		};
/* End PBXProject section */

/* Begin PBXResourcesBuildPhase section */
		CCF36F0F2585FFD30069311A /* Resources */ = {
			isa = PBXResourcesBuildPhase;
			buildActionMask = 2147483647;
			files = (
				CCF36F48258611240069311A /* bottle.png in Resources */,
				CCF36F1C2585FFD40069311A /* Preview Assets.xcassets in Resources */,
				CCF36F192585FFD40069311A /* Assets.xcassets in Resources */,
			);
			runOnlyForDeploymentPostprocessing = 0;
		};
		CCF36F202585FFD40069311A /* Resources */ = {
			isa = PBXResourcesBuildPhase;
			buildActionMask = 2147483647;
			files = (
			);
			runOnlyForDeploymentPostprocessing = 0;
		};
		CCF36F2B2585FFD40069311A /* Resources */ = {
			isa = PBXResourcesBuildPhase;
			buildActionMask = 2147483647;
			files = (
			);
			runOnlyForDeploymentPostprocessing = 0;
		};
/* End PBXResourcesBuildPhase section */

/* Begin PBXSourcesBuildPhase section */
		CCF36F0D2585FFD30069311A /* Sources */ = {
			isa = PBXSourcesBuildPhase;
			buildActionMask = 2147483647;
			files = (
				CCF36F6C2587949A0069311A /* LogoView.swift in Sources */,
				CCF36F622587932B0069311A /* ArdaScene.swift in Sources */,
				CCF36F172585FFD30069311A /* ContentView.swift in Sources */,
				CCF36F43258600330069311A /* Arda.swift in Sources */,
				CCF36F152585FFD30069311A /* BottleProbeApp.swift in Sources */,
			);
			runOnlyForDeploymentPostprocessing = 0;
		};
		CCF36F1E2585FFD40069311A /* Sources */ = {
			isa = PBXSourcesBuildPhase;
			buildActionMask = 2147483647;
			files = (
				CCF36F272585FFD40069311A /* BottleProbeTests.swift in Sources */,
			);
			runOnlyForDeploymentPostprocessing = 0;
		};
		CCF36F292585FFD40069311A /* Sources */ = {
			isa = PBXSourcesBuildPhase;
			buildActionMask = 2147483647;
			files = (
				CCF36F322585FFD40069311A /* BottleProbeUITests.swift in Sources */,
			);
			runOnlyForDeploymentPostprocessing = 0;
		};
/* End PBXSourcesBuildPhase section */

/* Begin PBXTargetDependency section */
		CCF36F242585FFD40069311A /* PBXTargetDependency */ = {
			isa = PBXTargetDependency;
			target = CCF36F102585FFD30069311A /* BottleProbe */;
			targetProxy = CCF36F232585FFD40069311A /* PBXContainerItemProxy */;
		};
		CCF36F2F2585FFD40069311A /* PBXTargetDependency */ = {
			isa = PBXTargetDependency;
			target = CCF36F102585FFD30069311A /* BottleProbe */;
			targetProxy = CCF36F2E2585FFD40069311A /* PBXContainerItemProxy */;
		};
/* End PBXTargetDependency section */

/* Begin XCBuildConfiguration section */
		CCF36F342585FFD40069311A /* Debug */ = {
			isa = XCBuildConfiguration;
			buildSettings = {
				ALWAYS_SEARCH_USER_PATHS = NO;
				CLANG_ANALYZER_NONNULL = YES;
				CLANG_ANALYZER_NUMBER_OBJECT_CONVERSION = YES_AGGRESSIVE;
				CLANG_CXX_LANGUAGE_STANDARD = "gnu++14";
				CLANG_CXX_LIBRARY = "libc++";
				CLANG_ENABLE_MODULES = YES;
				CLANG_ENABLE_OBJC_ARC = YES;
				CLANG_ENABLE_OBJC_WEAK = YES;
				CLANG_WARN_BLOCK_CAPTURE_AUTORELEASING = YES;
				CLANG_WARN_BOOL_CONVERSION = YES;
				CLANG_WARN_COMMA = YES;
				CLANG_WARN_CONSTANT_CONVERSION = YES;
				CLANG_WARN_DEPRECATED_OBJC_IMPLEMENTATIONS = YES;
				CLANG_WARN_DIRECT_OBJC_ISA_USAGE = YES_ERROR;
				CLANG_WARN_DOCUMENTATION_COMMENTS = YES;
				CLANG_WARN_EMPTY_BODY = YES;
				CLANG_WARN_ENUM_CONVERSION = YES;
				CLANG_WARN_INFINITE_RECURSION = YES;
				CLANG_WARN_INT_CONVERSION = YES;
				CLANG_WARN_NON_LITERAL_NULL_CONVERSION = YES;
				CLANG_WARN_OBJC_IMPLICIT_RETAIN_SELF = YES;
				CLANG_WARN_OBJC_LITERAL_CONVERSION = YES;
				CLANG_WARN_OBJC_ROOT_CLASS = YES_ERROR;
				CLANG_WARN_QUOTED_INCLUDE_IN_FRAMEWORK_HEADER = YES;
				CLANG_WARN_RANGE_LOOP_ANALYSIS = YES;
				CLANG_WARN_STRICT_PROTOTYPES = YES;
				CLANG_WARN_SUSPICIOUS_MOVE = YES;
				CLANG_WARN_UNGUARDED_AVAILABILITY = YES_AGGRESSIVE;
				CLANG_WARN_UNREACHABLE_CODE = YES;
				CLANG_WARN__DUPLICATE_METHOD_MATCH = YES;
				COPY_PHASE_STRIP = NO;
				DEBUG_INFORMATION_FORMAT = dwarf;
				ENABLE_STRICT_OBJC_MSGSEND = YES;
				ENABLE_TESTABILITY = YES;
				GCC_C_LANGUAGE_STANDARD = gnu11;
				GCC_DYNAMIC_NO_PIC = NO;
				GCC_NO_COMMON_BLOCKS = YES;
				GCC_OPTIMIZATION_LEVEL = 0;
				GCC_PREPROCESSOR_DEFINITIONS = (
					"DEBUG=1",
					"$(inherited)",
				);
				GCC_WARN_64_TO_32_BIT_CONVERSION = YES;
				GCC_WARN_ABOUT_RETURN_TYPE = YES_ERROR;
				GCC_WARN_UNDECLARED_SELECTOR = YES;
				GCC_WARN_UNINITIALIZED_AUTOS = YES_AGGRESSIVE;
				GCC_WARN_UNUSED_FUNCTION = YES;
				GCC_WARN_UNUSED_VARIABLE = YES;
				IPHONEOS_DEPLOYMENT_TARGET = 14.2;
				MTL_ENABLE_DEBUG_INFO = INCLUDE_SOURCE;
				MTL_FAST_MATH = YES;
				ONLY_ACTIVE_ARCH = YES;
				SDKROOT = iphoneos;
				SWIFT_ACTIVE_COMPILATION_CONDITIONS = DEBUG;
				SWIFT_OPTIMIZATION_LEVEL = "-Onone";
			};
			name = Debug;
		};
		CCF36F352585FFD40069311A /* Release */ = {
			isa = XCBuildConfiguration;
			buildSettings = {
				ALWAYS_SEARCH_USER_PATHS = NO;
				CLANG_ANALYZER_NONNULL = YES;
				CLANG_ANALYZER_NUMBER_OBJECT_CONVERSION = YES_AGGRESSIVE;
				CLANG_CXX_LANGUAGE_STANDARD = "gnu++14";
				CLANG_CXX_LIBRARY = "libc++";
				CLANG_ENABLE_MODULES = YES;
				CLANG_ENABLE_OBJC_ARC = YES;
				CLANG_ENABLE_OBJC_WEAK = YES;
				CLANG_WARN_BLOCK_CAPTURE_AUTORELEASING = YES;
				CLANG_WARN_BOOL_CONVERSION = YES;
				CLANG_WARN_COMMA = YES;
				CLANG_WARN_CONSTANT_CONVERSION = YES;
				CLANG_WARN_DEPRECATED_OBJC_IMPLEMENTATIONS = YES;
				CLANG_WARN_DIRECT_OBJC_ISA_USAGE = YES_ERROR;
				CLANG_WARN_DOCUMENTATION_COMMENTS = YES;
				CLANG_WARN_EMPTY_BODY = YES;
				CLANG_WARN_ENUM_CONVERSION = YES;
				CLANG_WARN_INFINITE_RECURSION = YES;
				CLANG_WARN_INT_CONVERSION = YES;
				CLANG_WARN_NON_LITERAL_NULL_CONVERSION = YES;
				CLANG_WARN_OBJC_IMPLICIT_RETAIN_SELF = YES;
				CLANG_WARN_OBJC_LITERAL_CONVERSION = YES;
				CLANG_WARN_OBJC_ROOT_CLASS = YES_ERROR;
				CLANG_WARN_QUOTED_INCLUDE_IN_FRAMEWORK_HEADER = YES;
				CLANG_WARN_RANGE_LOOP_ANALYSIS = YES;
				CLANG_WARN_STRICT_PROTOTYPES = YES;
				CLANG_WARN_SUSPICIOUS_MOVE = YES;
				CLANG_WARN_UNGUARDED_AVAILABILITY = YES_AGGRESSIVE;
				CLANG_WARN_UNREACHABLE_CODE = YES;
				CLANG_WARN__DUPLICATE_METHOD_MATCH = YES;
				COPY_PHASE_STRIP = NO;
				DEBUG_INFORMATION_FORMAT = "dwarf-with-dsym";
				ENABLE_NS_ASSERTIONS = NO;
				ENABLE_STRICT_OBJC_MSGSEND = YES;
				GCC_C_LANGUAGE_STANDARD = gnu11;
				GCC_NO_COMMON_BLOCKS = YES;
				GCC_WARN_64_TO_32_BIT_CONVERSION = YES;
				GCC_WARN_ABOUT_RETURN_TYPE = YES_ERROR;
				GCC_WARN_UNDECLARED_SELECTOR = YES;
				GCC_WARN_UNINITIALIZED_AUTOS = YES_AGGRESSIVE;
				GCC_WARN_UNUSED_FUNCTION = YES;
				GCC_WARN_UNUSED_VARIABLE = YES;
				IPHONEOS_DEPLOYMENT_TARGET = 14.2;
				MTL_ENABLE_DEBUG_INFO = NO;
				MTL_FAST_MATH = YES;
				SDKROOT = iphoneos;
				SWIFT_COMPILATION_MODE = wholemodule;
				SWIFT_OPTIMIZATION_LEVEL = "-O";
				VALIDATE_PRODUCT = YES;
			};
			name = Release;
		};
		CCF36F372585FFD40069311A /* Debug */ = {
			isa = XCBuildConfiguration;
			buildSettings = {
				ASSETCATALOG_COMPILER_APPICON_NAME = AppIcon;
				ASSETCATALOG_COMPILER_GLOBAL_ACCENT_COLOR_NAME = AccentColor;
				CODE_SIGN_STYLE = Automatic;
				DEVELOPMENT_ASSET_PATHS = "\"BottleProbe/Preview Content\"";
				DEVELOPMENT_TEAM = 2FYTR3E5Q9;
				ENABLE_PREVIEWS = YES;
				INFOPLIST_FILE = BottleProbe/Info.plist;
				IPHONEOS_DEPLOYMENT_TARGET = 14.0;
				LD_RUNPATH_SEARCH_PATHS = (
					"$(inherited)",
					"@executable_path/Frameworks",
				);
				PRODUCT_BUNDLE_IDENTIFIER = com.ivandosev.BottleProbe;
				PRODUCT_NAME = "$(TARGET_NAME)";
				SWIFT_VERSION = 5.0;
				TARGETED_DEVICE_FAMILY = "1,2";
			};
			name = Debug;
		};
		CCF36F382585FFD40069311A /* Release */ = {
			isa = XCBuildConfiguration;
			buildSettings = {
				ASSETCATALOG_COMPILER_APPICON_NAME = AppIcon;
				ASSETCATALOG_COMPILER_GLOBAL_ACCENT_COLOR_NAME = AccentColor;
				CODE_SIGN_STYLE = Automatic;
				DEVELOPMENT_ASSET_PATHS = "\"BottleProbe/Preview Content\"";
				DEVELOPMENT_TEAM = 2FYTR3E5Q9;
				ENABLE_PREVIEWS = YES;
				INFOPLIST_FILE = BottleProbe/Info.plist;
				IPHONEOS_DEPLOYMENT_TARGET = 14.0;
				LD_RUNPATH_SEARCH_PATHS = (
					"$(inherited)",
					"@executable_path/Frameworks",
				);
				PRODUCT_BUNDLE_IDENTIFIER = com.ivandosev.BottleProbe;
				PRODUCT_NAME = "$(TARGET_NAME)";
				SWIFT_VERSION = 5.0;
				TARGETED_DEVICE_FAMILY = "1,2";
			};
			name = Release;
		};
		CCF36F3A2585FFD40069311A /* Debug */ = {
			isa = XCBuildConfiguration;
			buildSettings = {
				ALWAYS_EMBED_SWIFT_STANDARD_LIBRARIES = YES;
				BUNDLE_LOADER = "$(TEST_HOST)";
				CODE_SIGN_STYLE = Automatic;
				DEVELOPMENT_TEAM = 2FYTR3E5Q9;
				INFOPLIST_FILE = BottleProbeTests/Info.plist;
				IPHONEOS_DEPLOYMENT_TARGET = 14.0;
				LD_RUNPATH_SEARCH_PATHS = (
					"$(inherited)",
					"@executable_path/Frameworks",
					"@loader_path/Frameworks",
				);
				PRODUCT_BUNDLE_IDENTIFIER = com.ivandosev.BottleProbeTests;
				PRODUCT_NAME = "$(TARGET_NAME)";
				SWIFT_VERSION = 5.0;
				TARGETED_DEVICE_FAMILY = "1,2";
				TEST_HOST = "$(BUILT_PRODUCTS_DIR)/BottleProbe.app/BottleProbe";
			};
			name = Debug;
		};
		CCF36F3B2585FFD40069311A /* Release */ = {
			isa = XCBuildConfiguration;
			buildSettings = {
				ALWAYS_EMBED_SWIFT_STANDARD_LIBRARIES = YES;
				BUNDLE_LOADER = "$(TEST_HOST)";
				CODE_SIGN_STYLE = Automatic;
				DEVELOPMENT_TEAM = 2FYTR3E5Q9;
				INFOPLIST_FILE = BottleProbeTests/Info.plist;
				IPHONEOS_DEPLOYMENT_TARGET = 14.0;
				LD_RUNPATH_SEARCH_PATHS = (
					"$(inherited)",
					"@executable_path/Frameworks",
					"@loader_path/Frameworks",
				);
				PRODUCT_BUNDLE_IDENTIFIER = com.ivandosev.BottleProbeTests;
				PRODUCT_NAME = "$(TARGET_NAME)";
				SWIFT_VERSION = 5.0;
				TARGETED_DEVICE_FAMILY = "1,2";
				TEST_HOST = "$(BUILT_PRODUCTS_DIR)/BottleProbe.app/BottleProbe";
			};
			name = Release;
		};
		CCF36F3D2585FFD40069311A /* Debug */ = {
			isa = XCBuildConfiguration;
			buildSettings = {
				ALWAYS_EMBED_SWIFT_STANDARD_LIBRARIES = YES;
				CODE_SIGN_STYLE = Automatic;
				DEVELOPMENT_TEAM = 2FYTR3E5Q9;
				INFOPLIST_FILE = BottleProbeUITests/Info.plist;
				LD_RUNPATH_SEARCH_PATHS = (
					"$(inherited)",
					"@executable_path/Frameworks",
					"@loader_path/Frameworks",
				);
				PRODUCT_BUNDLE_IDENTIFIER = com.ivandosev.BottleProbeUITests;
				PRODUCT_NAME = "$(TARGET_NAME)";
				SWIFT_VERSION = 5.0;
				TARGETED_DEVICE_FAMILY = "1,2";
				TEST_TARGET_NAME = BottleProbe;
			};
			name = Debug;
		};
		CCF36F3E2585FFD40069311A /* Release */ = {
			isa = XCBuildConfiguration;
			buildSettings = {
				ALWAYS_EMBED_SWIFT_STANDARD_LIBRARIES = YES;
				CODE_SIGN_STYLE = Automatic;
				DEVELOPMENT_TEAM = 2FYTR3E5Q9;
				INFOPLIST_FILE = BottleProbeUITests/Info.plist;
				LD_RUNPATH_SEARCH_PATHS = (
					"$(inherited)",
					"@executable_path/Frameworks",
					"@loader_path/Frameworks",
				);
				PRODUCT_BUNDLE_IDENTIFIER = com.ivandosev.BottleProbeUITests;
				PRODUCT_NAME = "$(TARGET_NAME)";
				SWIFT_VERSION = 5.0;
				TARGETED_DEVICE_FAMILY = "1,2";
				TEST_TARGET_NAME = BottleProbe;
			};
			name = Release;
		};
/* End XCBuildConfiguration section */

/* Begin XCConfigurationList section */
		CCF36F0C2585FFD30069311A /* Build configuration list for PBXProject "BottleProbe" */ = {
			isa = XCConfigurationList;
			buildConfigurations = (
				CCF36F342585FFD40069311A /* Debug */,
				CCF36F352585FFD40069311A /* Release */,
			);
			defaultConfigurationIsVisible = 0;
			defaultConfigurationName = Release;
		};
		CCF36F362585FFD40069311A /* Build configuration list for PBXNativeTarget "BottleProbe" */ = {
			isa = XCConfigurationList;
			buildConfigurations = (
				CCF36F372585FFD40069311A /* Debug */,
				CCF36F382585FFD40069311A /* Release */,
			);
			defaultConfigurationIsVisible = 0;
			defaultConfigurationName = Release;
		};
		CCF36F392585FFD40069311A /* Build configuration list for PBXNativeTarget "BottleProbeTests" */ = {
			isa = XCConfigurationList;
			buildConfigurations = (
				CCF36F3A2585FFD40069311A /* Debug */,
				CCF36F3B2585FFD40069311A /* Release */,
			);
			defaultConfigurationIsVisible = 0;
			defaultConfigurationName = Release;
		};
		CCF36F3C2585FFD40069311A /* Build configuration list for PBXNativeTarget "BottleProbeUITests" */ = {
			isa = XCConfigurationList;
			buildConfigurations = (
				CCF36F3D2585FFD40069311A /* Debug */,
				CCF36F3E2585FFD40069311A /* Release */,
			);
			defaultConfigurationIsVisible = 0;
			defaultConfigurationName = Release;
		};
/* End XCConfigurationList section */
	};
	rootObject = CCF36F092585FFD30069311A /* Project object */;
}
